
Microsoft Visual Studio Solution File, Format Version 12.00
# Visual Studio Version 17
VisualStudioVersion = 17.9.34622.214
MinimumVisualStudioVersion = 10.0.40219.1
Project("{FAE04EC0-301F-11D3-BF4B-00C04F79EFBC}") = "finalooadproject", "finalooadproject.csproj", "{3A35BA78-1406-4BC2-BD3E-A5ABB33EAFDD}"
EndProject
Global
	GlobalSection(SolutionConfigurationPlatforms) = preSolution
		Debug|Any CPU = Debug|Any CPU
		Release|Any CPU = Release|Any CPU
	EndGlobalSection
	GlobalSection(ProjectConfigurationPlatforms) = postSolution
		{3A35BA78-1406-4BC2-BD3E-A5ABB33EAFDD}.Debug|Any CPU.ActiveCfg = Debug|Any CPU
		{3A35BA78-1406-4BC2-BD3E-A5ABB33EAFDD}.Debug|Any CPU.Build.0 = Debug|Any CPU
		{3A35BA78-1406-4BC2-BD3E-A5ABB33EAFDD}.Release|Any CPU.ActiveCfg = Release|Any CPU
		{3A35BA78-1406-4BC2-BD3E-A5ABB33EAFDD}.Release|Any CPU.Build.0 = Release|Any CPU
	EndGlobalSection
	GlobalSection(SolutionProperties) = preSolution
		HideSolutionNode = FALSE
	EndGlobalSection
	GlobalSection(ExtensibilityGlobals) = postSolution
		SolutionGuid = {5D616110-D736-493B-B7CB-42AC5A331669}
	EndGlobalSection
EndGlobal
